
Microsoft Visual Studio Solution File, Format Version 12.00
# Visual Studio Version 17
VisualStudioVersion = 17.2.32616.157
MinimumVisualStudioVersion = 10.0.40219.1
Project("{FAE04EC0-301F-11D3-BF4B-00C04F79EFBC}") = "ShoppingCart", "ShoppingCart\ShoppingCart.csproj", "{483A5C47-7FEB-45B5-9484-DCAD7E9148C7}"
EndProject
Global
	GlobalSection(SolutionConfigurationPlatforms) = preSolution
		Debug|Any CPU = Debug|Any CPU
		Release|Any CPU = Release|Any CPU
	EndGlobalSection
	GlobalSection(ProjectConfigurationPlatforms) = postSolution
		{483A5C47-7FEB-45B5-9484-DCAD7E9148C7}.Debug|Any CPU.ActiveCfg = Debug|Any CPU
		{483A5C47-7FEB-45B5-9484-DCAD7E9148C7}.Debug|Any CPU.Build.0 = Debug|Any CPU
		{483A5C47-7FEB-45B5-9484-DCAD7E9148C7}.Release|Any CPU.ActiveCfg = Release|Any CPU
		{483A5C47-7FEB-45B5-9484-DCAD7E9148C7}.Release|Any CPU.Build.0 = Release|Any CPU
	EndGlobalSection
	GlobalSection(SolutionProperties) = preSolution
		HideSolutionNode = FALSE
	EndGlobalSection
	GlobalSection(ExtensibilityGlobals) = postSolution
		SolutionGuid = {7A70FCF2-B5B2-4BDF-8F18-5A0B1C0DB982}
	EndGlobalSection
EndGlobal
